// !$*UTF8*$!
{
	archiveVersion = 1;
	classes = {
	};
	objectVersion = 77;
	objects = {

/* Begin PBXContainerItemProxy section */
		C5051F692E470EA900EE7202 /* PBXContainerItemProxy */ = {
			isa = PBXContainerItemProxy;
			containerPortal = C5051F532E470EA900EE7202 /* Project object */;
			proxyType = 1;
			remoteGlobalIDString = C5051F5A2E470EA900EE7202;
			remoteInfo = TwinMindAssignment;
		};
		C5051F732E470EA900EE7202 /* PBXContainerItemProxy */ = {
			isa = PBXContainerItemProxy;
			containerPortal = C5051F532E470EA900EE7202 /* Project object */;
			proxyType = 1;
			remoteGlobalIDString = C5051F5A2E470EA900EE7202;
			remoteInfo = TwinMindAssignment;
		};
/* End PBXContainerItemProxy section */

/* Begin PBXFileReference section */
		C5051F5B2E470EA900EE7202 /* TwinMindAssignment.app */ = {isa = PBXFileReference; explicitFileType = wrapper.application; includeInIndex = 0; path = TwinMindAssignment.app; sourceTree = BUILT_PRODUCTS_DIR; };
		C5051F682E470EA900EE7202 /* TwinMindAssignmentTests.xctest */ = {isa = PBXFileReference; explicitFileType = wrapper.cfbundle; includeInIndex = 0; path = TwinMindAssignmentTests.xctest; sourceTree = BUILT_PRODUCTS_DIR; };
		C5051F722E470EA900EE7202 /* TwinMindAssignmentUITests.xctest */ = {isa = PBXFileReference; explicitFileType = wrapper.cfbundle; includeInIndex = 0; path = TwinMindAssignmentUITests.xctest; sourceTree = BUILT_PRODUCTS_DIR; };
/* End PBXFileReference section */

/* Begin PBXFileSystemSynchronizedRootGroup section */
		C5051F5D2E470EA900EE7202 /* TwinMindAssignment */ = {
			isa = PBXFileSystemSynchronizedRootGroup;
			path = TwinMindAssignment;
			sourceTree = "<group>";
		};
		C5051F6B2E470EA900EE7202 /* TwinMindAssignmentTests */ = {
			isa = PBXFileSystemSynchronizedRootGroup;
			path = TwinMindAssignmentTests;
			sourceTree = "<group>";
		};
		C5051F752E470EA900EE7202 /* TwinMindAssignmentUITests */ = {
			isa = PBXFileSystemSynchronizedRootGroup;
			path = TwinMindAssignmentUITests;
			sourceTree = "<group>";
		};
/* End PBXFileSystemSynchronizedRootGroup section */

/* Begin PBXFrameworksBuildPhase section */
		C5051F582E470EA900EE7202 /* Frameworks */ = {
			isa = PBXFrameworksBuildPhase;
			buildActionMask = 2147483647;
			files = (
			);
			runOnlyForDeploymentPostprocessing = 0;
		};
		C5051F652E470EA900EE7202 /* Frameworks */ = {
			isa = PBXFrameworksBuildPhase;
			buildActionMask = 2147483647;
			files = (
			);
			runOnlyForDeploymentPostprocessing = 0;
		};
		C5051F6F2E470EA900EE7202 /* Frameworks */ = {
			isa = PBXFrameworksBuildPhase;
			buildActionMask = 2147483647;
			files = (
			);
			runOnlyForDeploymentPostprocessing = 0;
		};
/* End PBXFrameworksBuildPhase section */

/* Begin PBXGroup section */
		C5051F522E470EA900EE7202 = {
			isa = PBXGroup;
			children = (
				C5051F5D2E470EA900EE7202 /* TwinMindAssignment */,
				C5051F6B2E470EA900EE7202 /* TwinMindAssignmentTests */,
				C5051F752E470EA900EE7202 /* TwinMindAssignmentUITests */,
				C5051F5C2E470EA900EE7202 /* Products */,
			);
			sourceTree = "<group>";
		};
		C5051F5C2E470EA900EE7202 /* Products */ = {
			isa = PBXGroup;
			children = (
				C5051F5B2E470EA900EE7202 /* TwinMindAssignment.app */,
				C5051F682E470EA900EE7202 /* TwinMindAssignmentTests.xctest */,
				C5051F722E470EA900EE7202 /* TwinMindAssignmentUITests.xctest */,
			);
			name = Products;
			sourceTree = "<group>";
		};
/* End PBXGroup section */

/* Begin PBXNativeTarget section */
		C5051F5A2E470EA900EE7202 /* TwinMindAssignment */ = {
			isa = PBXNativeTarget;
			buildConfigurationList = C5051F7C2E470EA900EE7202 /* Build configuration list for PBXNativeTarget "TwinMindAssignment" */;
			buildPhases = (
				C5051F572E470EA900EE7202 /* Sources */,
				C5051F582E470EA900EE7202 /* Frameworks */,
				C5051F592E470EA900EE7202 /* Resources */,
			);
			buildRules = (
			);
			dependencies = (
			);
			fileSystemSynchronizedGroups = (
				C5051F5D2E470EA900EE7202 /* TwinMindAssignment */,
			);
			name = TwinMindAssignment;
			packageProductDependencies = (
			);
			productName = TwinMindAssignment;
			productReference = C5051F5B2E470EA900EE7202 /* TwinMindAssignment.app */;
			productType = "com.apple.product-type.application";
		};
		C5051F672E470EA900EE7202 /* TwinMindAssignmentTests */ = {
			isa = PBXNativeTarget;
			buildConfigurationList = C5051F7F2E470EA900EE7202 /* Build configuration list for PBXNativeTarget "TwinMindAssignmentTests" */;
			buildPhases = (
				C5051F642E470EA900EE7202 /* Sources */,
				C5051F652E470EA900EE7202 /* Frameworks */,
				C5051F662E470EA900EE7202 /* Resources */,
			);
			buildRules = (
			);
			dependencies = (
				C5051F6A2E470EA900EE7202 /* PBXTargetDependency */,
			);
			fileSystemSynchronizedGroups = (
				C5051F6B2E470EA900EE7202 /* TwinMindAssignmentTests */,
			);
			name = TwinMindAssignmentTests;
			packageProductDependencies = (
			);
			productName = TwinMindAssignmentTests;
			productReference = C5051F682E470EA900EE7202 /* TwinMindAssignmentTests.xctest */;
			productType = "com.apple.product-type.bundle.unit-test";
		};
		C5051F712E470EA900EE7202 /* TwinMindAssignmentUITests */ = {
			isa = PBXNativeTarget;
			buildConfigurationList = C5051F822E470EA900EE7202 /* Build configuration list for PBXNativeTarget "TwinMindAssignmentUITests" */;
			buildPhases = (
				C5051F6E2E470EA900EE7202 /* Sources */,
				C5051F6F2E470EA900EE7202 /* Frameworks */,
				C5051F702E470EA900EE7202 /* Resources */,
			);
			buildRules = (
			);
			dependencies = (
				C5051F742E470EA900EE7202 /* PBXTargetDependency */,
			);
			fileSystemSynchronizedGroups = (
				C5051F752E470EA900EE7202 /* TwinMindAssignmentUITests */,
			);
			name = TwinMindAssignmentUITests;
			packageProductDependencies = (
			);
			productName = TwinMindAssignmentUITests;
			productReference = C5051F722E470EA900EE7202 /* TwinMindAssignmentUITests.xctest */;
			productType = "com.apple.product-type.bundle.ui-testing";
		};
/* End PBXNativeTarget section */

/* Begin PBXProject section */
		C5051F532E470EA900EE7202 /* Project object */ = {
			isa = PBXProject;
			attributes = {
				BuildIndependentTargetsInParallel = 1;
				LastSwiftUpdateCheck = 1640;
				LastUpgradeCheck = 1640;
				TargetAttributes = {
					C5051F5A2E470EA900EE7202 = {
						CreatedOnToolsVersion = 16.4;
					};
					C5051F672E470EA900EE7202 = {
						CreatedOnToolsVersion = 16.4;
						TestTargetID = C5051F5A2E470EA900EE7202;
					};
					C5051F712E470EA900EE7202 = {
						CreatedOnToolsVersion = 16.4;
						TestTargetID = C5051F5A2E470EA900EE7202;
					};
				};
			};
			buildConfigurationList = C5051F562E470EA900EE7202 /* Build configuration list for PBXProject "TwinMindAssignment" */;
			developmentRegion = en;
			hasScannedForEncodings = 0;
			knownRegions = (
				en,
				Base,
			);
			mainGroup = C5051F522E470EA900EE7202;
			minimizedProjectReferenceProxies = 1;
			preferredProjectObjectVersion = 77;
			productRefGroup = C5051F5C2E470EA900EE7202 /* Products */;
			projectDirPath = "";
			projectRoot = "";
			targets = (
				C5051F5A2E470EA900EE7202 /* TwinMindAssignment */,
				C5051F672E470EA900EE7202 /* TwinMindAssignmentTests */,
				C5051F712E470EA900EE7202 /* TwinMindAssignmentUITests */,
			);
		};
/* End PBXProject section */

/* Begin PBXResourcesBuildPhase section */
		C5051F592E470EA900EE7202 /* Resources */ = {
			isa = PBXResourcesBuildPhase;
			buildActionMask = 2147483647;
			files = (
			);
			runOnlyForDeploymentPostprocessing = 0;
		};
		C5051F662E470EA900EE7202 /* Resources */ = {
			isa = PBXResourcesBuildPhase;
			buildActionMask = 2147483647;
			files = (
			);
			runOnlyForDeploymentPostprocessing = 0;
		};
		C5051F702E470EA900EE7202 /* Resources */ = {
			isa = PBXResourcesBuildPhase;
			buildActionMask = 2147483647;
			files = (
			);
			runOnlyForDeploymentPostprocessing = 0;
		};
/* End PBXResourcesBuildPhase section */

/* Begin PBXSourcesBuildPhase section */
		C5051F572E470EA900EE7202 /* Sources */ = {
			isa = PBXSourcesBuildPhase;
			buildActionMask = 2147483647;
			files = (
			);
			runOnlyForDeploymentPostprocessing = 0;
		};
		C5051F642E470EA900EE7202 /* Sources */ = {
			isa = PBXSourcesBuildPhase;
			buildActionMask = 2147483647;
			files = (
			);
			runOnlyForDeploymentPostprocessing = 0;
		};
		C5051F6E2E470EA900EE7202 /* Sources */ = {
			isa = PBXSourcesBuildPhase;
			buildActionMask = 2147483647;
			files = (
			);
			runOnlyForDeploymentPostprocessing = 0;
		};
/* End PBXSourcesBuildPhase section */

/* Begin PBXTargetDependency section */
		C5051F6A2E470EA900EE7202 /* PBXTargetDependency */ = {
			isa = PBXTargetDependency;
			target = C5051F5A2E470EA900EE7202 /* TwinMindAssignment */;
			targetProxy = C5051F692E470EA900EE7202 /* PBXContainerItemProxy */;
		};
		C5051F742E470EA900EE7202 /* PBXTargetDependency */ = {
			isa = PBXTargetDependency;
			target = C5051F5A2E470EA900EE7202 /* TwinMindAssignment */;
			targetProxy = C5051F732E470EA900EE7202 /* PBXContainerItemProxy */;
		};
/* End PBXTargetDependency section */

/* Begin XCBuildConfiguration section */
		C5051F7A2E470EA900EE7202 /* Debug */ = {
			isa = XCBuildConfiguration;
			buildSettings = {
				ALWAYS_SEARCH_USER_PATHS = NO;
				ASSETCATALOG_COMPILER_GENERATE_SWIFT_ASSET_SYMBOL_EXTENSIONS = YES;
				CLANG_ANALYZER_NONNULL = YES;
				CLANG_ANALYZER_NUMBER_OBJECT_CONVERSION = YES_AGGRESSIVE;
				CLANG_CXX_LANGUAGE_STANDARD = "gnu++20";
				CLANG_ENABLE_MODULES = YES;
				CLANG_ENABLE_OBJC_ARC = YES;
				CLANG_ENABLE_OBJC_WEAK = YES;
				CLANG_WARN_BLOCK_CAPTURE_AUTORELEASING = YES;
				CLANG_WARN_BOOL_CONVERSION = YES;
				CLANG_WARN_COMMA = YES;
				CLANG_WARN_CONSTANT_CONVERSION = YES;
				CLANG_WARN_DEPRECATED_OBJC_IMPLEMENTATIONS = YES;
				CLANG_WARN_DIRECT_OBJC_ISA_USAGE = YES_ERROR;
				CLANG_WARN_DOCUMENTATION_COMMENTS = YES;
				CLANG_WARN_EMPTY_BODY = YES;
				CLANG_WARN_ENUM_CONVERSION = YES;
				CLANG_WARN_INFINITE_RECURSION = YES;
				CLANG_WARN_INT_CONVERSION = YES;
				CLANG_WARN_NON_LITERAL_NULL_CONVERSION = YES;
				CLANG_WARN_OBJC_IMPLICIT_RETAIN_SELF = YES;
				CLANG_WARN_OBJC_LITERAL_CONVERSION = YES;
				CLANG_WARN_OBJC_ROOT_CLASS = YES_ERROR;
				CLANG_WARN_QUOTED_INCLUDE_IN_FRAMEWORK_HEADER = YES;
				CLANG_WARN_RANGE_LOOP_ANALYSIS = YES;
				CLANG_WARN_STRICT_PROTOTYPES = YES;
				CLANG_WARN_SUSPICIOUS_MOVE = YES;
				CLANG_WARN_UNGUARDED_AVAILABILITY = YES_AGGRESSIVE;
				CLANG_WARN_UNREACHABLE_CODE = YES;
				CLANG_WARN__DUPLICATE_METHOD_MATCH = YES;
				COPY_PHASE_STRIP = NO;
				DEBUG_INFORMATION_FORMAT = dwarf;
				DEVELOPMENT_TEAM = HEP834FG9R;
				ENABLE_STRICT_OBJC_MSGSEND = YES;
				ENABLE_TESTABILITY = YES;
				ENABLE_USER_SCRIPT_SANDBOXING = YES;
				GCC_C_LANGUAGE_STANDARD = gnu17;
				GCC_DYNAMIC_NO_PIC = NO;
				GCC_NO_COMMON_BLOCKS = YES;
				GCC_OPTIMIZATION_LEVEL = 0;
				GCC_PREPROCESSOR_DEFINITIONS = (
					"DEBUG=1",
					"$(inherited)",
				);
				GCC_WARN_64_TO_32_BIT_CONVERSION = YES;
				GCC_WARN_ABOUT_RETURN_TYPE = YES_ERROR;
				GCC_WARN_UNDECLARED_SELECTOR = YES;
				GCC_WARN_UNINITIALIZED_AUTOS = YES_AGGRESSIVE;
				GCC_WARN_UNUSED_FUNCTION = YES;
				GCC_WARN_UNUSED_VARIABLE = YES;
				IPHONEOS_DEPLOYMENT_TARGET = 18.5;
				LOCALIZATION_PREFERS_STRING_CATALOGS = YES;
				MTL_ENABLE_DEBUG_INFO = INCLUDE_SOURCE;
				MTL_FAST_MATH = YES;
				ONLY_ACTIVE_ARCH = YES;
				SDKROOT = iphoneos;
				SWIFT_ACTIVE_COMPILATION_CONDITIONS = "DEBUG $(inherited)";
				SWIFT_OPTIMIZATION_LEVEL = "-Onone";
			};
			name = Debug;
		};
		C5051F7B2E470EA900EE7202 /* Release */ = {
			isa = XCBuildConfiguration;
			buildSettings = {
				ALWAYS_SEARCH_USER_PATHS = NO;
				ASSETCATALOG_COMPILER_GENERATE_SWIFT_ASSET_SYMBOL_EXTENSIONS = YES;
				CLANG_ANALYZER_NONNULL = YES;
				CLANG_ANALYZER_NUMBER_OBJECT_CONVERSION = YES_AGGRESSIVE;
				CLANG_CXX_LANGUAGE_STANDARD = "gnu++20";
				CLANG_ENABLE_MODULES = YES;
				CLANG_ENABLE_OBJC_ARC = YES;
				CLANG_ENABLE_OBJC_WEAK = YES;
				CLANG_WARN_BLOCK_CAPTURE_AUTORELEASING = YES;
				CLANG_WARN_BOOL_CONVERSION = YES;
				CLANG_WARN_COMMA = YES;
				CLANG_WARN_CONSTANT_CONVERSION = YES;
				CLANG_WARN_DEPRECATED_OBJC_IMPLEMENTATIONS = YES;
				CLANG_WARN_DIRECT_OBJC_ISA_USAGE = YES_ERROR;
				CLANG_WARN_DOCUMENTATION_COMMENTS = YES;
				CLANG_WARN_EMPTY_BODY = YES;
				CLANG_WARN_ENUM_CONVERSION = YES;
				CLANG_WARN_INFINITE_RECURSION = YES;
				CLANG_WARN_INT_CONVERSION = YES;
				CLANG_WARN_NON_LITERAL_NULL_CONVERSION = YES;
				CLANG_WARN_OBJC_IMPLICIT_RETAIN_SELF = YES;
				CLANG_WARN_OBJC_LITERAL_CONVERSION = YES;
				CLANG_WARN_OBJC_ROOT_CLASS = YES_ERROR;
				CLANG_WARN_QUOTED_INCLUDE_IN_FRAMEWORK_HEADER = YES;
				CLANG_WARN_RANGE_LOOP_ANALYSIS = YES;
				CLANG_WARN_STRICT_PROTOTYPES = YES;
				CLANG_WARN_SUSPICIOUS_MOVE = YES;
				CLANG_WARN_UNGUARDED_AVAILABILITY = YES_AGGRESSIVE;
				CLANG_WARN_UNREACHABLE_CODE = YES;
				CLANG_WARN__DUPLICATE_METHOD_MATCH = YES;
				COPY_PHASE_STRIP = NO;
				DEBUG_INFORMATION_FORMAT = "dwarf-with-dsym";
				DEVELOPMENT_TEAM = HEP834FG9R;
				ENABLE_NS_ASSERTIONS = NO;
				ENABLE_STRICT_OBJC_MSGSEND = YES;
				ENABLE_USER_SCRIPT_SANDBOXING = YES;
				GCC_C_LANGUAGE_STANDARD = gnu17;
				GCC_NO_COMMON_BLOCKS = YES;
				GCC_WARN_64_TO_32_BIT_CONVERSION = YES;
				GCC_WARN_ABOUT_RETURN_TYPE = YES_ERROR;
				GCC_WARN_UNDECLARED_SELECTOR = YES;
				GCC_WARN_UNINITIALIZED_AUTOS = YES_AGGRESSIVE;
				GCC_WARN_UNUSED_FUNCTION = YES;
				GCC_WARN_UNUSED_VARIABLE = YES;
				IPHONEOS_DEPLOYMENT_TARGET = 18.5;
				LOCALIZATION_PREFERS_STRING_CATALOGS = YES;
				MTL_ENABLE_DEBUG_INFO = NO;
				MTL_FAST_MATH = YES;
				SDKROOT = iphoneos;
				SWIFT_COMPILATION_MODE = wholemodule;
				VALIDATE_PRODUCT = YES;
			};
			name = Release;
		};
		C5051F7D2E470EA900EE7202 /* Debug */ = {
			isa = XCBuildConfiguration;
			buildSettings = {
				ASSETCATALOG_COMPILER_APPICON_NAME = AppIcon;
				ASSETCATALOG_COMPILER_GLOBAL_ACCENT_COLOR_NAME = AccentColor;
				CODE_SIGN_STYLE = Automatic;
				CURRENT_PROJECT_VERSION = 1;
				DEVELOPMENT_TEAM = HEP834FG9R;
				ENABLE_PREVIEWS = YES;
				GENERATE_INFOPLIST_FILE = YES;
				INFOPLIST_KEY_NSMicrophoneUsageDescription = "This app needs access to the microphone to record audio for transcription.";
				INFOPLIST_KEY_NSSpeechRecognitionUsageDescription = "This app uses speech recognition to transcribe your audio recordings and provide accurate text output.";
				INFOPLIST_KEY_UIApplicationSceneManifest_Generation = YES;
				INFOPLIST_KEY_UIApplicationSupportsIndirectInputEvents = YES;
				INFOPLIST_KEY_UIBackgroundModes = "audio processing fetch";
				INFOPLIST_KEY_UILaunchScreen_Generation = YES;
				INFOPLIST_KEY_UISupportedInterfaceOrientations_iPad = "UIInterfaceOrientationPortrait UIInterfaceOrientationPortraitUpsideDown UIInterfaceOrientationLandscapeLeft UIInterfaceOrientationLandscapeRight";
				INFOPLIST_KEY_UISupportedInterfaceOrientations_iPhone = "UIInterfaceOrientationPortrait UIInterfaceOrientationLandscapeLeft UIInterfaceOrientationLandscapeRight";
				LD_RUNPATH_SEARCH_PATHS = (
					"$(inherited)",
					"@executable_path/Frameworks",
				);
				MARKETING_VERSION = 1.0;
				PRODUCT_BUNDLE_IDENTIFIER = Interviews.TwinMindAssignment;
				PRODUCT_NAME = "$(TARGET_NAME)";
				SWIFT_EMIT_LOC_STRINGS = YES;
				SWIFT_VERSION = 5.0;
				TARGETED_DEVICE_FAMILY = "1,2";
			};
			name = Debug;
		};
		C5051F7E2E470EA900EE7202 /* Release */ = {
			isa = XCBuildConfiguration;
			buildSettings = {
				ASSETCATALOG_COMPILER_APPICON_NAME = AppIcon;
				ASSETCATALOG_COMPILER_GLOBAL_ACCENT_COLOR_NAME = AccentColor;
				CODE_SIGN_STYLE = Automatic;
				CURRENT_PROJECT_VERSION = 1;
				DEVELOPMENT_TEAM = HEP834FG9R;
				ENABLE_PREVIEWS = YES;
				GENERATE_INFOPLIST_FILE = YES;
				INFOPLIST_KEY_NSMicrophoneUsageDescription = "This app needs access to the microphone to record audio for transcription.";
				INFOPLIST_KEY_NSSpeechRecognitionUsageDescription = "This app uses speech recognition to transcribe your audio recordings and provide accurate text output.";
				INFOPLIST_KEY_UIApplicationSceneManifest_Generation = YES;
				INFOPLIST_KEY_UIApplicationSupportsIndirectInputEvents = YES;
				INFOPLIST_KEY_UIBackgroundModes = "audio processing fetch";
				INFOPLIST_KEY_UILaunchScreen_Generation = YES;
				INFOPLIST_KEY_UISupportedInterfaceOrientations_iPad = "UIInterfaceOrientationPortrait UIInterfaceOrientationPortraitUpsideDown UIInterfaceOrientationLandscapeLeft UIInterfaceOrientationLandscapeRight";
				INFOPLIST_KEY_UISupportedInterfaceOrientations_iPhone = "UIInterfaceOrientationPortrait UIInterfaceOrientationLandscapeLeft UIInterfaceOrientationLandscapeRight";
				LD_RUNPATH_SEARCH_PATHS = (
					"$(inherited)",
					"@executable_path/Frameworks",
				);
				MARKETING_VERSION = 1.0;
				PRODUCT_BUNDLE_IDENTIFIER = Interviews.TwinMindAssignment;
				PRODUCT_NAME = "$(TARGET_NAME)";
				SWIFT_EMIT_LOC_STRINGS = YES;
				SWIFT_VERSION = 5.0;
				TARGETED_DEVICE_FAMILY = "1,2";
			};
			name = Release;
		};
		C5051F802E470EA900EE7202 /* Debug */ = {
			isa = XCBuildConfiguration;
			buildSettings = {
				BUNDLE_LOADER = "$(TEST_HOST)";
				CODE_SIGN_STYLE = Automatic;
				CURRENT_PROJECT_VERSION = 1;
				DEVELOPMENT_TEAM = HEP834FG9R;
				GENERATE_INFOPLIST_FILE = YES;
				IPHONEOS_DEPLOYMENT_TARGET = 18.5;
				MARKETING_VERSION = 1.0;
				PRODUCT_BUNDLE_IDENTIFIER = Interviews.TwinMindAssignmentTests;
				PRODUCT_NAME = "$(TARGET_NAME)";
				SWIFT_EMIT_LOC_STRINGS = NO;
				SWIFT_VERSION = 5.0;
				TARGETED_DEVICE_FAMILY = "1,2";
				TEST_HOST = "$(BUILT_PRODUCTS_DIR)/TwinMindAssignment.app/$(BUNDLE_EXECUTABLE_FOLDER_PATH)/TwinMindAssignment";
			};
			name = Debug;
		};
		C5051F812E470EA900EE7202 /* Release */ = {
			isa = XCBuildConfiguration;
			buildSettings = {
				BUNDLE_LOADER = "$(TEST_HOST)";
				CODE_SIGN_STYLE = Automatic;
				CURRENT_PROJECT_VERSION = 1;
				DEVELOPMENT_TEAM = HEP834FG9R;
				GENERATE_INFOPLIST_FILE = YES;
				IPHONEOS_DEPLOYMENT_TARGET = 18.5;
				MARKETING_VERSION = 1.0;
				PRODUCT_BUNDLE_IDENTIFIER = Interviews.TwinMindAssignmentTests;
				PRODUCT_NAME = "$(TARGET_NAME)";
				SWIFT_EMIT_LOC_STRINGS = NO;
				SWIFT_VERSION = 5.0;
				TARGETED_DEVICE_FAMILY = "1,2";
				TEST_HOST = "$(BUILT_PRODUCTS_DIR)/TwinMindAssignment.app/$(BUNDLE_EXECUTABLE_FOLDER_PATH)/TwinMindAssignment";
			};
			name = Release;
		};
		C5051F832E470EA900EE7202 /* Debug */ = {
			isa = XCBuildConfiguration;
			buildSettings = {
				CODE_SIGN_STYLE = Automatic;
				CURRENT_PROJECT_VERSION = 1;
				DEVELOPMENT_TEAM = HEP834FG9R;
				GENERATE_INFOPLIST_FILE = YES;
				MARKETING_VERSION = 1.0;
				PRODUCT_BUNDLE_IDENTIFIER = Interviews.TwinMindAssignmentUITests;
				PRODUCT_NAME = "$(TARGET_NAME)";
				SWIFT_EMIT_LOC_STRINGS = NO;
				SWIFT_VERSION = 5.0;
				TARGETED_DEVICE_FAMILY = "1,2";
				TEST_TARGET_NAME = TwinMindAssignment;
			};
			name = Debug;
		};
		C5051F842E470EA900EE7202 /* Release */ = {
			isa = XCBuildConfiguration;
			buildSettings = {
				CODE_SIGN_STYLE = Automatic;
				CURRENT_PROJECT_VERSION = 1;
				DEVELOPMENT_TEAM = HEP834FG9R;
				GENERATE_INFOPLIST_FILE = YES;
				MARKETING_VERSION = 1.0;
				PRODUCT_BUNDLE_IDENTIFIER = Interviews.TwinMindAssignmentUITests;
				PRODUCT_NAME = "$(TARGET_NAME)";
				SWIFT_EMIT_LOC_STRINGS = NO;
				SWIFT_VERSION = 5.0;
				TARGETED_DEVICE_FAMILY = "1,2";
				TEST_TARGET_NAME = TwinMindAssignment;
			};
			name = Release;
		};
/* End XCBuildConfiguration section */

/* Begin XCConfigurationList section */
		C5051F562E470EA900EE7202 /* Build configuration list for PBXProject "TwinMindAssignment" */ = {
			isa = XCConfigurationList;
			buildConfigurations = (
				C5051F7A2E470EA900EE7202 /* Debug */,
				C5051F7B2E470EA900EE7202 /* Release */,
			);
			defaultConfigurationIsVisible = 0;
			defaultConfigurationName = Release;
		};
		C5051F7C2E470EA900EE7202 /* Build configuration list for PBXNativeTarget "TwinMindAssignment" */ = {
			isa = XCConfigurationList;
			buildConfigurations = (
				C5051F7D2E470EA900EE7202 /* Debug */,
				C5051F7E2E470EA900EE7202 /* Release */,
			);
			defaultConfigurationIsVisible = 0;
			defaultConfigurationName = Release;
		};
		C5051F7F2E470EA900EE7202 /* Build configuration list for PBXNativeTarget "TwinMindAssignmentTests" */ = {
			isa = XCConfigurationList;
			buildConfigurations = (
				C5051F802E470EA900EE7202 /* Debug */,
				C5051F812E470EA900EE7202 /* Release */,
			);
			defaultConfigurationIsVisible = 0;
			defaultConfigurationName = Release;
		};
		C5051F822E470EA900EE7202 /* Build configuration list for PBXNativeTarget "TwinMindAssignmentUITests" */ = {
			isa = XCConfigurationList;
			buildConfigurations = (
				C5051F832E470EA900EE7202 /* Debug */,
				C5051F842E470EA900EE7202 /* Release */,
			);
			defaultConfigurationIsVisible = 0;
			defaultConfigurationName = Release;
		};
/* End XCConfigurationList section */
	};
	rootObject = C5051F532E470EA900EE7202 /* Project object */;
}
